
Microsoft Visual Studio Solution File, Format Version 12.00
# Visual Studio Version 16
VisualStudioVersion = 16.0.30114.105
MinimumVisualStudioVersion = 10.0.40219.1
Project("{FAE04EC0-301F-11D3-BF4B-00C04F79EFBC}") = "WindowsFormsApp1", "WindowsFormsApp1\WindowsFormsApp1.csproj", "{7FB4AD07-8316-4E80-A3C8-75469D4D9EB0}"
EndProject
Global
	GlobalSection(SolutionConfigurationPlatforms) = preSolution
		Debug|Any CPU = Debug|Any CPU
		Release|Any CPU = Release|Any CPU
	EndGlobalSection
	GlobalSection(ProjectConfigurationPlatforms) = postSolution
		{7FB4AD07-8316-4E80-A3C8-75469D4D9EB0}.Debug|Any CPU.ActiveCfg = Debug|Any CPU
		{7FB4AD07-8316-4E80-A3C8-75469D4D9EB0}.Debug|Any CPU.Build.0 = Debug|Any CPU
		{7FB4AD07-8316-4E80-A3C8-75469D4D9EB0}.Release|Any CPU.ActiveCfg = Release|Any CPU
		{7FB4AD07-8316-4E80-A3C8-75469D4D9EB0}.Release|Any CPU.Build.0 = Release|Any CPU
	EndGlobalSection
	GlobalSection(SolutionProperties) = preSolution
		HideSolutionNode = FALSE
	EndGlobalSection
	GlobalSection(ExtensibilityGlobals) = postSolution
		SolutionGuid = {292D264A-F9CB-48EC-B3A7-911C7D7390D5}
	EndGlobalSection
EndGlobal
